
Microsoft Visual Studio Solution File, Format Version 12.00
# Visual Studio Version 17
VisualStudioVersion = 17.10.34916.146
MinimumVisualStudioVersion = 10.0.40219.1
Project("{9A19103F-16F7-4668-BE54-9A1E7A4F7556}") = "CalorieWise.Api", "CalorieWise.Api\CalorieWise.Api.csproj", "{5BCCBFBE-B2DC-4BF9-9E92-090D21479096}"
EndProject
Project("{9A19103F-16F7-4668-BE54-9A1E7A4F7556}") = "CalorieWise.UI", "CalorieWise.UI\CalorieWise.UI.csproj", "{0E0E8F91-5A37-460A-A6F7-B930CE3A002A}"
EndProject
Global
	GlobalSection(SolutionConfigurationPlatforms) = preSolution
		Debug|Any CPU = Debug|Any CPU
		Release|Any CPU = Release|Any CPU
	EndGlobalSection
	GlobalSection(ProjectConfigurationPlatforms) = postSolution
		{5BCCBFBE-B2DC-4BF9-9E92-090D21479096}.Debug|Any CPU.ActiveCfg = Debug|Any CPU
		{5BCCBFBE-B2DC-4BF9-9E92-090D21479096}.Debug|Any CPU.Build.0 = Debug|Any CPU
		{5BCCBFBE-B2DC-4BF9-9E92-090D21479096}.Release|Any CPU.ActiveCfg = Release|Any CPU
		{5BCCBFBE-B2DC-4BF9-9E92-090D21479096}.Release|Any CPU.Build.0 = Release|Any CPU
		{0E0E8F91-5A37-460A-A6F7-B930CE3A002A}.Debug|Any CPU.ActiveCfg = Debug|Any CPU
		{0E0E8F91-5A37-460A-A6F7-B930CE3A002A}.Debug|Any CPU.Build.0 = Debug|Any CPU
		{0E0E8F91-5A37-460A-A6F7-B930CE3A002A}.Release|Any CPU.ActiveCfg = Release|Any CPU
		{0E0E8F91-5A37-460A-A6F7-B930CE3A002A}.Release|Any CPU.Build.0 = Release|Any CPU
	EndGlobalSection
	GlobalSection(SolutionProperties) = preSolution
		HideSolutionNode = FALSE
	EndGlobalSection
	GlobalSection(ExtensibilityGlobals) = postSolution
		SolutionGuid = {EEE16DF6-2AA5-43BF-A1D6-97CD117E240B}
	EndGlobalSection
EndGlobal
